// !$*UTF8*$!
{
	archiveVersion = 1;
	classes = {
	};
	objectVersion = 46;
	objects = {

/* Begin PBXBuildFile section */
		1766B6C31F4BA17F00F88770 /* NewItemViewController.swift in Sources */ = {isa = PBXBuildFile; fileRef = 1766B6C21F4BA17F00F88770 /* NewItemViewController.swift */; };
		177C2EDF1F37D3A500A87846 /* AppDelegate.swift in Sources */ = {isa = PBXBuildFile; fileRef = 177C2EDE1F37D3A500A87846 /* AppDelegate.swift */; };
		177C2EE11F37D3A500A87846 /* ViewController.swift in Sources */ = {isa = PBXBuildFile; fileRef = 177C2EE01F37D3A500A87846 /* ViewController.swift */; };
		177C2EE71F37D3A500A87846 /* FridgeMaster.xcdatamodeld in Sources */ = {isa = PBXBuildFile; fileRef = 177C2EE51F37D3A500A87846 /* FridgeMaster.xcdatamodeld */; };
		177C2EE91F37D3A500A87846 /* Assets.xcassets in Resources */ = {isa = PBXBuildFile; fileRef = 177C2EE81F37D3A500A87846 /* Assets.xcassets */; };
		177C2EEC1F37D3A500A87846 /* LaunchScreen.storyboard in Resources */ = {isa = PBXBuildFile; fileRef = 177C2EEA1F37D3A500A87846 /* LaunchScreen.storyboard */; };
		177C2EF71F37D3A500A87846 /* FridgeMasterTests.swift in Sources */ = {isa = PBXBuildFile; fileRef = 177C2EF61F37D3A500A87846 /* FridgeMasterTests.swift */; };
		177C2F021F37D3A500A87846 /* FridgeMasterUITests.swift in Sources */ = {isa = PBXBuildFile; fileRef = 177C2F011F37D3A500A87846 /* FridgeMasterUITests.swift */; };
		17A74D6B1F4B4B5A008A7151 /* home-hero-swift-hero.png in Resources */ = {isa = PBXBuildFile; fileRef = 17A74D391F4B4B5A008A7151 /* home-hero-swift-hero.png */; };
		17A74D781F4B4B5A008A7151 /* ci.sh in Resources */ = {isa = PBXBuildFile; fileRef = 17A74D521F4B4B5A008A7151 /* ci.sh */; };
		17A74D7A1F4B4B5A008A7151 /* Info.plist in Resources */ = {isa = PBXBuildFile; fileRef = 17A74D561F4B4B5A008A7151 /* Info.plist */; };
		17A74DA21F4B4C83008A7151 /* RSBarcodes.framework in Frameworks */ = {isa = PBXBuildFile; fileRef = 17A74DA11F4B4C15008A7151 /* RSBarcodes.framework */; };
		17A74DA31F4B4C83008A7151 /* RSBarcodes.framework in Embed Frameworks */ = {isa = PBXBuildFile; fileRef = 17A74DA11F4B4C15008A7151 /* RSBarcodes.framework */; settings = {ATTRIBUTES = (CodeSignOnCopy, RemoveHeadersOnCopy, ); }; };
		17A74DA61F4B4D28008A7151 /* ScannerViewController.swift in Sources */ = {isa = PBXBuildFile; fileRef = 17A74D441F4B4B5A008A7151 /* ScannerViewController.swift */; };
		17AC0AB01F4CE69A00FC7F13 /* storageClass.swift in Sources */ = {isa = PBXBuildFile; fileRef = 17AC0AAF1F4CE69A00FC7F13 /* storageClass.swift */; };
		17EACD7E1F37D51F00BA68D2 /* Main.storyboard in Resources */ = {isa = PBXBuildFile; fileRef = 17EACD7C1F37D51F00BA68D2 /* Main.storyboard */; };
		9B463AF41F4E5223004B301B /* InventoryViewController.swift in Sources */ = {isa = PBXBuildFile; fileRef = 9B463AF31F4E5223004B301B /* InventoryViewController.swift */; };
		9B463AF61F500C20004B301B /* InventoryTableViewCell.swift in Sources */ = {isa = PBXBuildFile; fileRef = 9B463AF51F500C20004B301B /* InventoryTableViewCell.swift */; };
		9B463AF81F500E77004B301B /* ViewItemViewController.swift in Sources */ = {isa = PBXBuildFile; fileRef = 9B463AF71F500E77004B301B /* ViewItemViewController.swift */; };
/* End PBXBuildFile section */

/* Begin PBXContainerItemProxy section */
		177C2EF31F37D3A500A87846 /* PBXContainerItemProxy */ = {
			isa = PBXContainerItemProxy;
			containerPortal = 177C2ED31F37D3A500A87846 /* Project object */;
			proxyType = 1;
			remoteGlobalIDString = 177C2EDA1F37D3A500A87846;
			remoteInfo = FridgeMaster;
		};
		177C2EFE1F37D3A500A87846 /* PBXContainerItemProxy */ = {
			isa = PBXContainerItemProxy;
			containerPortal = 177C2ED31F37D3A500A87846 /* Project object */;
			proxyType = 1;
			remoteGlobalIDString = 177C2EDA1F37D3A500A87846;
			remoteInfo = FridgeMaster;
		};
		17A74DA01F4B4C15008A7151 /* PBXContainerItemProxy */ = {
			isa = PBXContainerItemProxy;
			containerPortal = 17A74D9C1F4B4C15008A7151 /* RSBarcodes.xcodeproj */;
			proxyType = 2;
			remoteGlobalIDString = D08336371A202E81004EE128;
			remoteInfo = RSBarcodes;
		};
		17A74DA41F4B4C83008A7151 /* PBXContainerItemProxy */ = {
			isa = PBXContainerItemProxy;
			containerPortal = 17A74D9C1F4B4C15008A7151 /* RSBarcodes.xcodeproj */;
			proxyType = 1;
			remoteGlobalIDString = D08336361A202E81004EE128;
			remoteInfo = RSBarcodes;
		};
/* End PBXContainerItemProxy section */

/* Begin PBXCopyFilesBuildPhase section */
		17A74D9B1F4B4B72008A7151 /* Embed Frameworks */ = {
			isa = PBXCopyFilesBuildPhase;
			buildActionMask = 2147483647;
			dstPath = "";
			dstSubfolderSpec = 10;
			files = (
				17A74DA31F4B4C83008A7151 /* RSBarcodes.framework in Embed Frameworks */,
			);
			name = "Embed Frameworks";
			runOnlyForDeploymentPostprocessing = 0;
		};
/* End PBXCopyFilesBuildPhase section */

/* Begin PBXFileReference section */
		1766B6C21F4BA17F00F88770 /* NewItemViewController.swift */ = {isa = PBXFileReference; fileEncoding = 4; lastKnownFileType = sourcecode.swift; path = NewItemViewController.swift; sourceTree = "<group>"; };
		177C2EDB1F37D3A500A87846 /* FridgeMaster.app */ = {isa = PBXFileReference; explicitFileType = wrapper.application; includeInIndex = 0; path = FridgeMaster.app; sourceTree = BUILT_PRODUCTS_DIR; };
		177C2EDE1F37D3A500A87846 /* AppDelegate.swift */ = {isa = PBXFileReference; lastKnownFileType = sourcecode.swift; path = AppDelegate.swift; sourceTree = "<group>"; };
		177C2EE01F37D3A500A87846 /* ViewController.swift */ = {isa = PBXFileReference; lastKnownFileType = sourcecode.swift; path = ViewController.swift; sourceTree = "<group>"; };
		177C2EE61F37D3A500A87846 /* FridgeMaster.xcdatamodel */ = {isa = PBXFileReference; lastKnownFileType = wrapper.xcdatamodel; path = FridgeMaster.xcdatamodel; sourceTree = "<group>"; };
		177C2EE81F37D3A500A87846 /* Assets.xcassets */ = {isa = PBXFileReference; lastKnownFileType = folder.assetcatalog; path = Assets.xcassets; sourceTree = "<group>"; };
		177C2EEB1F37D3A500A87846 /* Base */ = {isa = PBXFileReference; lastKnownFileType = file.storyboard; name = Base; path = Base.lproj/LaunchScreen.storyboard; sourceTree = "<group>"; };
		177C2EED1F37D3A500A87846 /* Info.plist */ = {isa = PBXFileReference; lastKnownFileType = text.plist.xml; path = Info.plist; sourceTree = "<group>"; };
		177C2EF21F37D3A500A87846 /* FridgeMasterTests.xctest */ = {isa = PBXFileReference; explicitFileType = wrapper.cfbundle; includeInIndex = 0; path = FridgeMasterTests.xctest; sourceTree = BUILT_PRODUCTS_DIR; };
		177C2EF61F37D3A500A87846 /* FridgeMasterTests.swift */ = {isa = PBXFileReference; lastKnownFileType = sourcecode.swift; path = FridgeMasterTests.swift; sourceTree = "<group>"; };
		177C2EF81F37D3A500A87846 /* Info.plist */ = {isa = PBXFileReference; lastKnownFileType = text.plist.xml; path = Info.plist; sourceTree = "<group>"; };
		177C2EFD1F37D3A500A87846 /* FridgeMasterUITests.xctest */ = {isa = PBXFileReference; explicitFileType = wrapper.cfbundle; includeInIndex = 0; path = FridgeMasterUITests.xctest; sourceTree = BUILT_PRODUCTS_DIR; };
		177C2F011F37D3A500A87846 /* FridgeMasterUITests.swift */ = {isa = PBXFileReference; lastKnownFileType = sourcecode.swift; path = FridgeMasterUITests.swift; sourceTree = "<group>"; };
		177C2F031F37D3A500A87846 /* Info.plist */ = {isa = PBXFileReference; lastKnownFileType = text.plist.xml; path = Info.plist; sourceTree = "<group>"; };
		17A74D391F4B4B5A008A7151 /* home-hero-swift-hero.png */ = {isa = PBXFileReference; lastKnownFileType = image.png; path = "home-hero-swift-hero.png"; sourceTree = "<group>"; };
		17A74D441F4B4B5A008A7151 /* ScannerViewController.swift */ = {isa = PBXFileReference; fileEncoding = 4; lastKnownFileType = sourcecode.swift; name = ScannerViewController.swift; path = "../Bar Codes/RSBarcodesSample/RSBarcodesSample/ScannerViewController.swift"; sourceTree = "<group>"; };
		17A74D521F4B4B5A008A7151 /* ci.sh */ = {isa = PBXFileReference; fileEncoding = 4; lastKnownFileType = text.script.sh; path = ci.sh; sourceTree = "<group>"; };
		17A74D541F4B4B5A008A7151 /* ContextMaker.h */ = {isa = PBXFileReference; fileEncoding = 4; lastKnownFileType = sourcecode.c.h; path = ContextMaker.h; sourceTree = "<group>"; };
		17A74D551F4B4B5A008A7151 /* ContextMaker.m */ = {isa = PBXFileReference; fileEncoding = 4; lastKnownFileType = sourcecode.c.objc; path = ContextMaker.m; sourceTree = "<group>"; };
		17A74D561F4B4B5A008A7151 /* Info.plist */ = {isa = PBXFileReference; fileEncoding = 4; lastKnownFileType = text.plist.xml; path = Info.plist; sourceTree = "<group>"; };
		17A74D571F4B4B5A008A7151 /* RSBarcodes-Bridging-Header.h */ = {isa = PBXFileReference; fileEncoding = 4; lastKnownFileType = sourcecode.c.h; path = "RSBarcodes-Bridging-Header.h"; sourceTree = "<group>"; };
		17A74D581F4B4B5A008A7151 /* RSCode128Generator.swift */ = {isa = PBXFileReference; fileEncoding = 4; lastKnownFileType = sourcecode.swift; path = RSCode128Generator.swift; sourceTree = "<group>"; };
		17A74D591F4B4B5A008A7151 /* RSCode39Generator.swift */ = {isa = PBXFileReference; fileEncoding = 4; lastKnownFileType = sourcecode.swift; path = RSCode39Generator.swift; sourceTree = "<group>"; };
		17A74D5A1F4B4B5A008A7151 /* RSCode39Mod43Generator.swift */ = {isa = PBXFileReference; fileEncoding = 4; lastKnownFileType = sourcecode.swift; path = RSCode39Mod43Generator.swift; sourceTree = "<group>"; };
		17A74D5B1F4B4B5A008A7151 /* RSCode93Generator.swift */ = {isa = PBXFileReference; fileEncoding = 4; lastKnownFileType = sourcecode.swift; path = RSCode93Generator.swift; sourceTree = "<group>"; };
		17A74D5C1F4B4B5A008A7151 /* RSCodeDataMatrixGenerator.swift */ = {isa = PBXFileReference; fileEncoding = 4; lastKnownFileType = sourcecode.swift; path = RSCodeDataMatrixGenerator.swift; sourceTree = "<group>"; };
		17A74D5D1F4B4B5A008A7151 /* RSCodeGenerator.swift */ = {isa = PBXFileReference; fileEncoding = 4; lastKnownFileType = sourcecode.swift; path = RSCodeGenerator.swift; sourceTree = "<group>"; };
		17A74D5E1F4B4B5A008A7151 /* RSCodeLayer.swift */ = {isa = PBXFileReference; fileEncoding = 4; lastKnownFileType = sourcecode.swift; path = RSCodeLayer.swift; sourceTree = "<group>"; };
		17A74D5F1F4B4B5A008A7151 /* RSCodeReaderViewController.swift */ = {isa = PBXFileReference; fileEncoding = 4; lastKnownFileType = sourcecode.swift; path = RSCodeReaderViewController.swift; sourceTree = "<group>"; };
		17A74D601F4B4B5A008A7151 /* RSCornersLayer.swift */ = {isa = PBXFileReference; fileEncoding = 4; lastKnownFileType = sourcecode.swift; path = RSCornersLayer.swift; sourceTree = "<group>"; };
		17A74D611F4B4B5A008A7151 /* RSEANGenerator.swift */ = {isa = PBXFileReference; fileEncoding = 4; lastKnownFileType = sourcecode.swift; path = RSEANGenerator.swift; sourceTree = "<group>"; };
		17A74D621F4B4B5A008A7151 /* RSExtendedCode39Generator.swift */ = {isa = PBXFileReference; fileEncoding = 4; lastKnownFileType = sourcecode.swift; path = RSExtendedCode39Generator.swift; sourceTree = "<group>"; };
		17A74D631F4B4B5A008A7151 /* RSFocusMarkLayer.swift */ = {isa = PBXFileReference; fileEncoding = 4; lastKnownFileType = sourcecode.swift; path = RSFocusMarkLayer.swift; sourceTree = "<group>"; };
		17A74D641F4B4B5A008A7151 /* RSITF14Generator.swift */ = {isa = PBXFileReference; fileEncoding = 4; lastKnownFileType = sourcecode.swift; path = RSITF14Generator.swift; sourceTree = "<group>"; };
		17A74D651F4B4B5A008A7151 /* RSITFGenerator.swift */ = {isa = PBXFileReference; fileEncoding = 4; lastKnownFileType = sourcecode.swift; path = RSITFGenerator.swift; sourceTree = "<group>"; };
		17A74D661F4B4B5A008A7151 /* RSUnifiedCodeGenerator.swift */ = {isa = PBXFileReference; fileEncoding = 4; lastKnownFileType = sourcecode.swift; path = RSUnifiedCodeGenerator.swift; sourceTree = "<group>"; };
		17A74D671F4B4B5A008A7151 /* RSUnifiedCodeValidator.swift */ = {isa = PBXFileReference; fileEncoding = 4; lastKnownFileType = sourcecode.swift; path = RSUnifiedCodeValidator.swift; sourceTree = "<group>"; };
		17A74D681F4B4B5A008A7151 /* RSUPCEGenerator.swift */ = {isa = PBXFileReference; fileEncoding = 4; lastKnownFileType = sourcecode.swift; path = RSUPCEGenerator.swift; sourceTree = "<group>"; };
		17A74D691F4B4B5A008A7151 /* StringExtension.swift */ = {isa = PBXFileReference; fileEncoding = 4; lastKnownFileType = sourcecode.swift; path = StringExtension.swift; sourceTree = "<group>"; };
		17A74D6A1F4B4B5A008A7151 /* UIColorExtension.swift */ = {isa = PBXFileReference; fileEncoding = 4; lastKnownFileType = sourcecode.swift; path = UIColorExtension.swift; sourceTree = "<group>"; };
		17A74D9C1F4B4C15008A7151 /* RSBarcodes.xcodeproj */ = {isa = PBXFileReference; lastKnownFileType = "wrapper.pb-project"; path = RSBarcodes.xcodeproj; sourceTree = "<group>"; };
		17AC0AAF1F4CE69A00FC7F13 /* storageClass.swift */ = {isa = PBXFileReference; fileEncoding = 4; lastKnownFileType = sourcecode.swift; path = storageClass.swift; sourceTree = "<group>"; };
		17EACD7D1F37D51F00BA68D2 /* Base */ = {isa = PBXFileReference; lastKnownFileType = file.storyboard; name = Base; path = Base.lproj/Main.storyboard; sourceTree = "<group>"; };
		9B463AF31F4E5223004B301B /* InventoryViewController.swift */ = {isa = PBXFileReference; fileEncoding = 4; lastKnownFileType = sourcecode.swift; path = InventoryViewController.swift; sourceTree = "<group>"; };
		9B463AF51F500C20004B301B /* InventoryTableViewCell.swift */ = {isa = PBXFileReference; fileEncoding = 4; lastKnownFileType = sourcecode.swift; path = InventoryTableViewCell.swift; sourceTree = "<group>"; };
		9B463AF71F500E77004B301B /* ViewItemViewController.swift */ = {isa = PBXFileReference; fileEncoding = 4; lastKnownFileType = sourcecode.swift; path = ViewItemViewController.swift; sourceTree = "<group>"; };
/* End PBXFileReference section */

/* Begin PBXFrameworksBuildPhase section */
		177C2ED81F37D3A500A87846 /* Frameworks */ = {
			isa = PBXFrameworksBuildPhase;
			buildActionMask = 2147483647;
			files = (
				17A74DA21F4B4C83008A7151 /* RSBarcodes.framework in Frameworks */,
			);
			runOnlyForDeploymentPostprocessing = 0;
		};
		177C2EEF1F37D3A500A87846 /* Frameworks */ = {
			isa = PBXFrameworksBuildPhase;
			buildActionMask = 2147483647;
			files = (
			);
			runOnlyForDeploymentPostprocessing = 0;
		};
		177C2EFA1F37D3A500A87846 /* Frameworks */ = {
			isa = PBXFrameworksBuildPhase;
			buildActionMask = 2147483647;
			files = (
			);
			runOnlyForDeploymentPostprocessing = 0;
		};
/* End PBXFrameworksBuildPhase section */

/* Begin PBXGroup section */
		177C2ED21F37D3A500A87846 = {
			isa = PBXGroup;
			children = (
				17A74D381F4B4B5A008A7151 /* Bar Codes */,
				177C2EDD1F37D3A500A87846 /* FridgeMaster */,
				177C2EF51F37D3A500A87846 /* FridgeMasterTests */,
				177C2F001F37D3A500A87846 /* FridgeMasterUITests */,
				177C2EDC1F37D3A500A87846 /* Products */,
			);
			sourceTree = "<group>";
		};
		177C2EDC1F37D3A500A87846 /* Products */ = {
			isa = PBXGroup;
			children = (
				177C2EDB1F37D3A500A87846 /* FridgeMaster.app */,
				177C2EF21F37D3A500A87846 /* FridgeMasterTests.xctest */,
				177C2EFD1F37D3A500A87846 /* FridgeMasterUITests.xctest */,
			);
			name = Products;
			sourceTree = "<group>";
		};
		177C2EDD1F37D3A500A87846 /* FridgeMaster */ = {
			isa = PBXGroup;
			children = (
				1766B6C21F4BA17F00F88770 /* NewItemViewController.swift */,
				17A74D441F4B4B5A008A7151 /* ScannerViewController.swift */,
				17EACD7C1F37D51F00BA68D2 /* Main.storyboard */,
				177C2EDE1F37D3A500A87846 /* AppDelegate.swift */,
				177C2EE01F37D3A500A87846 /* ViewController.swift */,
				177C2EE81F37D3A500A87846 /* Assets.xcassets */,
				177C2EEA1F37D3A500A87846 /* LaunchScreen.storyboard */,
				177C2EED1F37D3A500A87846 /* Info.plist */,
				177C2EE51F37D3A500A87846 /* FridgeMaster.xcdatamodeld */,
				17AC0AAF1F4CE69A00FC7F13 /* storageClass.swift */,
				9B463AF31F4E5223004B301B /* InventoryViewController.swift */,
				9B463AF51F500C20004B301B /* InventoryTableViewCell.swift */,
				9B463AF71F500E77004B301B /* ViewItemViewController.swift */,
			);
			path = FridgeMaster;
			sourceTree = "<group>";
		};
		177C2EF51F37D3A500A87846 /* FridgeMasterTests */ = {
			isa = PBXGroup;
			children = (
				177C2EF61F37D3A500A87846 /* FridgeMasterTests.swift */,
				177C2EF81F37D3A500A87846 /* Info.plist */,
			);
			path = FridgeMasterTests;
			sourceTree = "<group>";
		};
		177C2F001F37D3A500A87846 /* FridgeMasterUITests */ = {
			isa = PBXGroup;
			children = (
				177C2F011F37D3A500A87846 /* FridgeMasterUITests.swift */,
				177C2F031F37D3A500A87846 /* Info.plist */,
			);
			path = FridgeMasterUITests;
			sourceTree = "<group>";
		};
		17A74D381F4B4B5A008A7151 /* Bar Codes */ = {
			isa = PBXGroup;
			children = (
				17A74D9C1F4B4C15008A7151 /* RSBarcodes.xcodeproj */,
				17A74D391F4B4B5A008A7151 /* home-hero-swift-hero.png */,
				17A74D511F4B4B5A008A7151 /* Scripts */,
				17A74D531F4B4B5A008A7151 /* Source */,
			);
			path = "Bar Codes";
			sourceTree = "<group>";
		};
		17A74D511F4B4B5A008A7151 /* Scripts */ = {
			isa = PBXGroup;
			children = (
				17A74D521F4B4B5A008A7151 /* ci.sh */,
			);
			path = Scripts;
			sourceTree = "<group>";
		};
		17A74D531F4B4B5A008A7151 /* Source */ = {
			isa = PBXGroup;
			children = (
				17A74D541F4B4B5A008A7151 /* ContextMaker.h */,
				17A74D551F4B4B5A008A7151 /* ContextMaker.m */,
				17A74D561F4B4B5A008A7151 /* Info.plist */,
				17A74D571F4B4B5A008A7151 /* RSBarcodes-Bridging-Header.h */,
				17A74D581F4B4B5A008A7151 /* RSCode128Generator.swift */,
				17A74D591F4B4B5A008A7151 /* RSCode39Generator.swift */,
				17A74D5A1F4B4B5A008A7151 /* RSCode39Mod43Generator.swift */,
				17A74D5B1F4B4B5A008A7151 /* RSCode93Generator.swift */,
				17A74D5C1F4B4B5A008A7151 /* RSCodeDataMatrixGenerator.swift */,
				17A74D5D1F4B4B5A008A7151 /* RSCodeGenerator.swift */,
				17A74D5E1F4B4B5A008A7151 /* RSCodeLayer.swift */,
				17A74D5F1F4B4B5A008A7151 /* RSCodeReaderViewController.swift */,
				17A74D601F4B4B5A008A7151 /* RSCornersLayer.swift */,
				17A74D611F4B4B5A008A7151 /* RSEANGenerator.swift */,
				17A74D621F4B4B5A008A7151 /* RSExtendedCode39Generator.swift */,
				17A74D631F4B4B5A008A7151 /* RSFocusMarkLayer.swift */,
				17A74D641F4B4B5A008A7151 /* RSITF14Generator.swift */,
				17A74D651F4B4B5A008A7151 /* RSITFGenerator.swift */,
				17A74D661F4B4B5A008A7151 /* RSUnifiedCodeGenerator.swift */,
				17A74D671F4B4B5A008A7151 /* RSUnifiedCodeValidator.swift */,
				17A74D681F4B4B5A008A7151 /* RSUPCEGenerator.swift */,
				17A74D691F4B4B5A008A7151 /* StringExtension.swift */,
				17A74D6A1F4B4B5A008A7151 /* UIColorExtension.swift */,
			);
			path = Source;
			sourceTree = "<group>";
		};
		17A74D9D1F4B4C15008A7151 /* Products */ = {
			isa = PBXGroup;
			children = (
				17A74DA11F4B4C15008A7151 /* RSBarcodes.framework */,
			);
			name = Products;
			sourceTree = "<group>";
		};
/* End PBXGroup section */

/* Begin PBXNativeTarget section */
		177C2EDA1F37D3A500A87846 /* FridgeMaster */ = {
			isa = PBXNativeTarget;
			buildConfigurationList = 177C2F061F37D3A500A87846 /* Build configuration list for PBXNativeTarget "FridgeMaster" */;
			buildPhases = (
				177C2ED71F37D3A500A87846 /* Sources */,
				177C2ED81F37D3A500A87846 /* Frameworks */,
				177C2ED91F37D3A500A87846 /* Resources */,
				17A74D9B1F4B4B72008A7151 /* Embed Frameworks */,
			);
			buildRules = (
			);
			dependencies = (
				17A74DA51F4B4C83008A7151 /* PBXTargetDependency */,
			);
			name = FridgeMaster;
			productName = FridgeMaster;
			productReference = 177C2EDB1F37D3A500A87846 /* FridgeMaster.app */;
			productType = "com.apple.product-type.application";
		};
		177C2EF11F37D3A500A87846 /* FridgeMasterTests */ = {
			isa = PBXNativeTarget;
			buildConfigurationList = 177C2F091F37D3A500A87846 /* Build configuration list for PBXNativeTarget "FridgeMasterTests" */;
			buildPhases = (
				177C2EEE1F37D3A500A87846 /* Sources */,
				177C2EEF1F37D3A500A87846 /* Frameworks */,
				177C2EF01F37D3A500A87846 /* Resources */,
			);
			buildRules = (
			);
			dependencies = (
				177C2EF41F37D3A500A87846 /* PBXTargetDependency */,
			);
			name = FridgeMasterTests;
			productName = FridgeMasterTests;
			productReference = 177C2EF21F37D3A500A87846 /* FridgeMasterTests.xctest */;
			productType = "com.apple.product-type.bundle.unit-test";
		};
		177C2EFC1F37D3A500A87846 /* FridgeMasterUITests */ = {
			isa = PBXNativeTarget;
			buildConfigurationList = 177C2F0C1F37D3A500A87846 /* Build configuration list for PBXNativeTarget "FridgeMasterUITests" */;
			buildPhases = (
				177C2EF91F37D3A500A87846 /* Sources */,
				177C2EFA1F37D3A500A87846 /* Frameworks */,
				177C2EFB1F37D3A500A87846 /* Resources */,
			);
			buildRules = (
			);
			dependencies = (
				177C2EFF1F37D3A500A87846 /* PBXTargetDependency */,
			);
			name = FridgeMasterUITests;
			productName = FridgeMasterUITests;
			productReference = 177C2EFD1F37D3A500A87846 /* FridgeMasterUITests.xctest */;
			productType = "com.apple.product-type.bundle.ui-testing";
		};
/* End PBXNativeTarget section */

/* Begin PBXProject section */
		177C2ED31F37D3A500A87846 /* Project object */ = {
			isa = PBXProject;
			attributes = {
				LastSwiftUpdateCheck = 0830;
				LastUpgradeCheck = 0830;
				ORGANIZATIONNAME = "Matthew Gomez";
				TargetAttributes = {
					177C2EDA1F37D3A500A87846 = {
						CreatedOnToolsVersion = 8.3.3;
						DevelopmentTeam = 6N7ULU8E68;
						ProvisioningStyle = Automatic;
					};
					177C2EF11F37D3A500A87846 = {
						CreatedOnToolsVersion = 8.3.3;
						ProvisioningStyle = Automatic;
						TestTargetID = 177C2EDA1F37D3A500A87846;
					};
					177C2EFC1F37D3A500A87846 = {
						CreatedOnToolsVersion = 8.3.3;
						ProvisioningStyle = Automatic;
						TestTargetID = 177C2EDA1F37D3A500A87846;
					};
				};
			};
			buildConfigurationList = 177C2ED61F37D3A500A87846 /* Build configuration list for PBXProject "FridgeMaster" */;
			compatibilityVersion = "Xcode 3.2";
			developmentRegion = English;
			hasScannedForEncodings = 0;
			knownRegions = (
				en,
				Base,
			);
			mainGroup = 177C2ED21F37D3A500A87846;
			productRefGroup = 177C2EDC1F37D3A500A87846 /* Products */;
			projectDirPath = "";
			projectReferences = (
				{
					ProductGroup = 17A74D9D1F4B4C15008A7151 /* Products */;
					ProjectRef = 17A74D9C1F4B4C15008A7151 /* RSBarcodes.xcodeproj */;
				},
			);
			projectRoot = "";
			targets = (
				177C2EDA1F37D3A500A87846 /* FridgeMaster */,
				177C2EF11F37D3A500A87846 /* FridgeMasterTests */,
				177C2EFC1F37D3A500A87846 /* FridgeMasterUITests */,
			);
		};
/* End PBXProject section */

/* Begin PBXReferenceProxy section */
		17A74DA11F4B4C15008A7151 /* RSBarcodes.framework */ = {
			isa = PBXReferenceProxy;
			fileType = wrapper.framework;
			path = RSBarcodes.framework;
			remoteRef = 17A74DA01F4B4C15008A7151 /* PBXContainerItemProxy */;
			sourceTree = BUILT_PRODUCTS_DIR;
		};
/* End PBXReferenceProxy section */

/* Begin PBXResourcesBuildPhase section */
		177C2ED91F37D3A500A87846 /* Resources */ = {
			isa = PBXResourcesBuildPhase;
			buildActionMask = 2147483647;
			files = (
				17EACD7E1F37D51F00BA68D2 /* Main.storyboard in Resources */,
				17A74D6B1F4B4B5A008A7151 /* home-hero-swift-hero.png in Resources */,
				17A74D781F4B4B5A008A7151 /* ci.sh in Resources */,
				177C2EEC1F37D3A500A87846 /* LaunchScreen.storyboard in Resources */,
				177C2EE91F37D3A500A87846 /* Assets.xcassets in Resources */,
				17A74D7A1F4B4B5A008A7151 /* Info.plist in Resources */,
			);
			runOnlyForDeploymentPostprocessing = 0;
		};
		177C2EF01F37D3A500A87846 /* Resources */ = {
			isa = PBXResourcesBuildPhase;
			buildActionMask = 2147483647;
			files = (
			);
			runOnlyForDeploymentPostprocessing = 0;
		};
		177C2EFB1F37D3A500A87846 /* Resources */ = {
			isa = PBXResourcesBuildPhase;
			buildActionMask = 2147483647;
			files = (
			);
			runOnlyForDeploymentPostprocessing = 0;
		};
/* End PBXResourcesBuildPhase section */

/* Begin PBXSourcesBuildPhase section */
		177C2ED71F37D3A500A87846 /* Sources */ = {
			isa = PBXSourcesBuildPhase;
			buildActionMask = 2147483647;
			files = (
				9B463AF61F500C20004B301B /* InventoryTableViewCell.swift in Sources */,
				9B463AF41F4E5223004B301B /* InventoryViewController.swift in Sources */,
				17A74DA61F4B4D28008A7151 /* ScannerViewController.swift in Sources */,
				177C2EE71F37D3A500A87846 /* FridgeMaster.xcdatamodeld in Sources */,
				17AC0AB01F4CE69A00FC7F13 /* storageClass.swift in Sources */,
				1766B6C31F4BA17F00F88770 /* NewItemViewController.swift in Sources */,
				177C2EE11F37D3A500A87846 /* ViewController.swift in Sources */,
				177C2EDF1F37D3A500A87846 /* AppDelegate.swift in Sources */,
				9B463AF81F500E77004B301B /* ViewItemViewController.swift in Sources */,
			);
			runOnlyForDeploymentPostprocessing = 0;
		};
		177C2EEE1F37D3A500A87846 /* Sources */ = {
			isa = PBXSourcesBuildPhase;
			buildActionMask = 2147483647;
			files = (
				177C2EF71F37D3A500A87846 /* FridgeMasterTests.swift in Sources */,
			);
			runOnlyForDeploymentPostprocessing = 0;
		};
		177C2EF91F37D3A500A87846 /* Sources */ = {
			isa = PBXSourcesBuildPhase;
			buildActionMask = 2147483647;
			files = (
				177C2F021F37D3A500A87846 /* FridgeMasterUITests.swift in Sources */,
			);
			runOnlyForDeploymentPostprocessing = 0;
		};
/* End PBXSourcesBuildPhase section */

/* Begin PBXTargetDependency section */
		177C2EF41F37D3A500A87846 /* PBXTargetDependency */ = {
			isa = PBXTargetDependency;
			target = 177C2EDA1F37D3A500A87846 /* FridgeMaster */;
			targetProxy = 177C2EF31F37D3A500A87846 /* PBXContainerItemProxy */;
		};
		177C2EFF1F37D3A500A87846 /* PBXTargetDependency */ = {
			isa = PBXTargetDependency;
			target = 177C2EDA1F37D3A500A87846 /* FridgeMaster */;
			targetProxy = 177C2EFE1F37D3A500A87846 /* PBXContainerItemProxy */;
		};
		17A74DA51F4B4C83008A7151 /* PBXTargetDependency */ = {
			isa = PBXTargetDependency;
			name = RSBarcodes;
			targetProxy = 17A74DA41F4B4C83008A7151 /* PBXContainerItemProxy */;
		};
/* End PBXTargetDependency section */

/* Begin PBXVariantGroup section */
		177C2EEA1F37D3A500A87846 /* LaunchScreen.storyboard */ = {
			isa = PBXVariantGroup;
			children = (
				177C2EEB1F37D3A500A87846 /* Base */,
			);
			name = LaunchScreen.storyboard;
			sourceTree = "<group>";
		};
		17EACD7C1F37D51F00BA68D2 /* Main.storyboard */ = {
			isa = PBXVariantGroup;
			children = (
				17EACD7D1F37D51F00BA68D2 /* Base */,
			);
			name = Main.storyboard;
			sourceTree = "<group>";
		};
/* End PBXVariantGroup section */

/* Begin XCBuildConfiguration section */
		177C2F041F37D3A500A87846 /* Debug */ = {
			isa = XCBuildConfiguration;
			buildSettings = {
				ALWAYS_SEARCH_USER_PATHS = NO;
				CLANG_ANALYZER_NONNULL = YES;
				CLANG_ANALYZER_NUMBER_OBJECT_CONVERSION = YES_AGGRESSIVE;
				CLANG_CXX_LANGUAGE_STANDARD = "gnu++0x";
				CLANG_CXX_LIBRARY = "libc++";
				CLANG_ENABLE_MODULES = YES;
				CLANG_ENABLE_OBJC_ARC = YES;
				CLANG_WARN_BOOL_CONVERSION = YES;
				CLANG_WARN_CONSTANT_CONVERSION = YES;
				CLANG_WARN_DIRECT_OBJC_ISA_USAGE = YES_ERROR;
				CLANG_WARN_DOCUMENTATION_COMMENTS = YES;
				CLANG_WARN_EMPTY_BODY = YES;
				CLANG_WARN_ENUM_CONVERSION = YES;
				CLANG_WARN_INFINITE_RECURSION = YES;
				CLANG_WARN_INT_CONVERSION = YES;
				CLANG_WARN_OBJC_ROOT_CLASS = YES_ERROR;
				CLANG_WARN_SUSPICIOUS_MOVE = YES;
				CLANG_WARN_UNREACHABLE_CODE = YES;
				CLANG_WARN__DUPLICATE_METHOD_MATCH = YES;
				"CODE_SIGN_IDENTITY[sdk=iphoneos*]" = "iPhone Developer";
				COPY_PHASE_STRIP = NO;
				DEBUG_INFORMATION_FORMAT = dwarf;
				ENABLE_STRICT_OBJC_MSGSEND = YES;
				ENABLE_TESTABILITY = YES;
				GCC_C_LANGUAGE_STANDARD = gnu99;
				GCC_DYNAMIC_NO_PIC = NO;
				GCC_NO_COMMON_BLOCKS = YES;
				GCC_OPTIMIZATION_LEVEL = 0;
				GCC_PREPROCESSOR_DEFINITIONS = (
					"DEBUG=1",
					"$(inherited)",
				);
				GCC_WARN_64_TO_32_BIT_CONVERSION = YES;
				GCC_WARN_ABOUT_RETURN_TYPE = YES_ERROR;
				GCC_WARN_UNDECLARED_SELECTOR = YES;
				GCC_WARN_UNINITIALIZED_AUTOS = YES_AGGRESSIVE;
				GCC_WARN_UNUSED_FUNCTION = YES;
				GCC_WARN_UNUSED_VARIABLE = YES;
				IPHONEOS_DEPLOYMENT_TARGET = 10.3;
				MTL_ENABLE_DEBUG_INFO = YES;
				ONLY_ACTIVE_ARCH = YES;
				SDKROOT = iphoneos;
				SWIFT_ACTIVE_COMPILATION_CONDITIONS = DEBUG;
				SWIFT_OPTIMIZATION_LEVEL = "-Onone";
			};
			name = Debug;
		};
		177C2F051F37D3A500A87846 /* Release */ = {
			isa = XCBuildConfiguration;
			buildSettings = {
				ALWAYS_SEARCH_USER_PATHS = NO;
				CLANG_ANALYZER_NONNULL = YES;
				CLANG_ANALYZER_NUMBER_OBJECT_CONVERSION = YES_AGGRESSIVE;
				CLANG_CXX_LANGUAGE_STANDARD = "gnu++0x";
				CLANG_CXX_LIBRARY = "libc++";
				CLANG_ENABLE_MODULES = YES;
				CLANG_ENABLE_OBJC_ARC = YES;
				CLANG_WARN_BOOL_CONVERSION = YES;
				CLANG_WARN_CONSTANT_CONVERSION = YES;
				CLANG_WARN_DIRECT_OBJC_ISA_USAGE = YES_ERROR;
				CLANG_WARN_DOCUMENTATION_COMMENTS = YES;
				CLANG_WARN_EMPTY_BODY = YES;
				CLANG_WARN_ENUM_CONVERSION = YES;
				CLANG_WARN_INFINITE_RECURSION = YES;
				CLANG_WARN_INT_CONVERSION = YES;
				CLANG_WARN_OBJC_ROOT_CLASS = YES_ERROR;
				CLANG_WARN_SUSPICIOUS_MOVE = YES;
				CLANG_WARN_UNREACHABLE_CODE = YES;
				CLANG_WARN__DUPLICATE_METHOD_MATCH = YES;
				"CODE_SIGN_IDENTITY[sdk=iphoneos*]" = "iPhone Developer";
				COPY_PHASE_STRIP = NO;
				DEBUG_INFORMATION_FORMAT = "dwarf-with-dsym";
				ENABLE_NS_ASSERTIONS = NO;
				ENABLE_STRICT_OBJC_MSGSEND = YES;
				GCC_C_LANGUAGE_STANDARD = gnu99;
				GCC_NO_COMMON_BLOCKS = YES;
				GCC_WARN_64_TO_32_BIT_CONVERSION = YES;
				GCC_WARN_ABOUT_RETURN_TYPE = YES_ERROR;
				GCC_WARN_UNDECLARED_SELECTOR = YES;
				GCC_WARN_UNINITIALIZED_AUTOS = YES_AGGRESSIVE;
				GCC_WARN_UNUSED_FUNCTION = YES;
				GCC_WARN_UNUSED_VARIABLE = YES;
				IPHONEOS_DEPLOYMENT_TARGET = 10.3;
				MTL_ENABLE_DEBUG_INFO = NO;
				SDKROOT = iphoneos;
				SWIFT_OPTIMIZATION_LEVEL = "-Owholemodule";
				VALIDATE_PRODUCT = YES;
			};
			name = Release;
		};
		177C2F071F37D3A500A87846 /* Debug */ = {
			isa = XCBuildConfiguration;
			buildSettings = {
				ALWAYS_EMBED_SWIFT_STANDARD_LIBRARIES = YES;
				ASSETCATALOG_COMPILER_APPICON_NAME = AppIcon;
				DEVELOPMENT_TEAM = 6N7ULU8E68;
				INFOPLIST_FILE = FridgeMaster/Info.plist;
				IPHONEOS_DEPLOYMENT_TARGET = 10.2;
				LD_RUNPATH_SEARCH_PATHS = "$(inherited) @executable_path/Frameworks";
				PRODUCT_BUNDLE_IDENTIFIER = gomez.FridgeMaster;
				PRODUCT_NAME = "$(TARGET_NAME)";
				SWIFT_VERSION = 3.0;
			};
			name = Debug;
		};
		177C2F081F37D3A500A87846 /* Release */ = {
			isa = XCBuildConfiguration;
			buildSettings = {
				ALWAYS_EMBED_SWIFT_STANDARD_LIBRARIES = YES;
				ASSETCATALOG_COMPILER_APPICON_NAME = AppIcon;
				DEVELOPMENT_TEAM = 6N7ULU8E68;
				INFOPLIST_FILE = FridgeMaster/Info.plist;
				IPHONEOS_DEPLOYMENT_TARGET = 10.2;
				LD_RUNPATH_SEARCH_PATHS = "$(inherited) @executable_path/Frameworks";
				PRODUCT_BUNDLE_IDENTIFIER = gomez.FridgeMaster;
				PRODUCT_NAME = "$(TARGET_NAME)";
				SWIFT_VERSION = 3.0;
			};
			name = Release;
		};
		177C2F0A1F37D3A500A87846 /* Debug */ = {
			isa = XCBuildConfiguration;
			buildSettings = {
				ALWAYS_EMBED_SWIFT_STANDARD_LIBRARIES = YES;
				BUNDLE_LOADER = "$(TEST_HOST)";
				INFOPLIST_FILE = FridgeMasterTests/Info.plist;
				LD_RUNPATH_SEARCH_PATHS = "$(inherited) @executable_path/Frameworks @loader_path/Frameworks";
				PRODUCT_BUNDLE_IDENTIFIER = gomez.FridgeMasterTests;
				PRODUCT_NAME = "$(TARGET_NAME)";
				SWIFT_VERSION = 3.0;
				TEST_HOST = "$(BUILT_PRODUCTS_DIR)/FridgeMaster.app/FridgeMaster";
			};
			name = Debug;
		};
		177C2F0B1F37D3A500A87846 /* Release */ = {
			isa = XCBuildConfiguration;
			buildSettings = {
				ALWAYS_EMBED_SWIFT_STANDARD_LIBRARIES = YES;
				BUNDLE_LOADER = "$(TEST_HOST)";
				INFOPLIST_FILE = FridgeMasterTests/Info.plist;
				LD_RUNPATH_SEARCH_PATHS = "$(inherited) @executable_path/Frameworks @loader_path/Frameworks";
				PRODUCT_BUNDLE_IDENTIFIER = gomez.FridgeMasterTests;
				PRODUCT_NAME = "$(TARGET_NAME)";
				SWIFT_VERSION = 3.0;
				TEST_HOST = "$(BUILT_PRODUCTS_DIR)/FridgeMaster.app/FridgeMaster";
			};
			name = Release;
		};
		177C2F0D1F37D3A500A87846 /* Debug */ = {
			isa = XCBuildConfiguration;
			buildSettings = {
				ALWAYS_EMBED_SWIFT_STANDARD_LIBRARIES = YES;
				INFOPLIST_FILE = FridgeMasterUITests/Info.plist;
				LD_RUNPATH_SEARCH_PATHS = "$(inherited) @executable_path/Frameworks @loader_path/Frameworks";
				PRODUCT_BUNDLE_IDENTIFIER = gomez.FridgeMasterUITests;
				PRODUCT_NAME = "$(TARGET_NAME)";
				SWIFT_VERSION = 3.0;
				TEST_TARGET_NAME = FridgeMaster;
			};
			name = Debug;
		};
		177C2F0E1F37D3A500A87846 /* Release */ = {
			isa = XCBuildConfiguration;
			buildSettings = {
				ALWAYS_EMBED_SWIFT_STANDARD_LIBRARIES = YES;
				INFOPLIST_FILE = FridgeMasterUITests/Info.plist;
				LD_RUNPATH_SEARCH_PATHS = "$(inherited) @executable_path/Frameworks @loader_path/Frameworks";
				PRODUCT_BUNDLE_IDENTIFIER = gomez.FridgeMasterUITests;
				PRODUCT_NAME = "$(TARGET_NAME)";
				SWIFT_VERSION = 3.0;
				TEST_TARGET_NAME = FridgeMaster;
			};
			name = Release;
		};
/* End XCBuildConfiguration section */

/* Begin XCConfigurationList section */
		177C2ED61F37D3A500A87846 /* Build configuration list for PBXProject "FridgeMaster" */ = {
			isa = XCConfigurationList;
			buildConfigurations = (
				177C2F041F37D3A500A87846 /* Debug */,
				177C2F051F37D3A500A87846 /* Release */,
			);
			defaultConfigurationIsVisible = 0;
			defaultConfigurationName = Release;
		};
		177C2F061F37D3A500A87846 /* Build configuration list for PBXNativeTarget "FridgeMaster" */ = {
			isa = XCConfigurationList;
			buildConfigurations = (
				177C2F071F37D3A500A87846 /* Debug */,
				177C2F081F37D3A500A87846 /* Release */,
			);
			defaultConfigurationIsVisible = 0;
			defaultConfigurationName = Release;
		};
		177C2F091F37D3A500A87846 /* Build configuration list for PBXNativeTarget "FridgeMasterTests" */ = {
			isa = XCConfigurationList;
			buildConfigurations = (
				177C2F0A1F37D3A500A87846 /* Debug */,
				177C2F0B1F37D3A500A87846 /* Release */,
			);
			defaultConfigurationIsVisible = 0;
			defaultConfigurationName = Release;
		};
		177C2F0C1F37D3A500A87846 /* Build configuration list for PBXNativeTarget "FridgeMasterUITests" */ = {
			isa = XCConfigurationList;
			buildConfigurations = (
				177C2F0D1F37D3A500A87846 /* Debug */,
				177C2F0E1F37D3A500A87846 /* Release */,
			);
			defaultConfigurationIsVisible = 0;
			defaultConfigurationName = Release;
		};
/* End XCConfigurationList section */

/* Begin XCVersionGroup section */
		177C2EE51F37D3A500A87846 /* FridgeMaster.xcdatamodeld */ = {
			isa = XCVersionGroup;
			children = (
				177C2EE61F37D3A500A87846 /* FridgeMaster.xcdatamodel */,
			);
			currentVersion = 177C2EE61F37D3A500A87846 /* FridgeMaster.xcdatamodel */;
			path = FridgeMaster.xcdatamodeld;
			sourceTree = "<group>";
			versionGroupType = wrapper.xcdatamodel;
		};
/* End XCVersionGroup section */
	};
	rootObject = 177C2ED31F37D3A500A87846 /* Project object */;
}
